
Microsoft Visual Studio Solution File, Format Version 12.00
# Visual Studio Version 17
VisualStudioVersion = 17.4.33213.308
MinimumVisualStudioVersion = 10.0.40219.1
Project("{FAE04EC0-301F-11D3-BF4B-00C04F79EFBC}") = "LandaGRPCClient", "LandaGRPCClient\LandaGRPCClient.csproj", "{9FB3F52A-86AE-4E3D-94DB-A9124E93165F}"
EndProject
Global
	GlobalSection(SolutionConfigurationPlatforms) = preSolution
		Debug|Any CPU = Debug|Any CPU
		Release|Any CPU = Release|Any CPU
	EndGlobalSection
	GlobalSection(ProjectConfigurationPlatforms) = postSolution
		{9FB3F52A-86AE-4E3D-94DB-A9124E93165F}.Debug|Any CPU.ActiveCfg = Debug|Any CPU
		{9FB3F52A-86AE-4E3D-94DB-A9124E93165F}.Debug|Any CPU.Build.0 = Debug|Any CPU
		{9FB3F52A-86AE-4E3D-94DB-A9124E93165F}.Release|Any CPU.ActiveCfg = Release|Any CPU
		{9FB3F52A-86AE-4E3D-94DB-A9124E93165F}.Release|Any CPU.Build.0 = Release|Any CPU
	EndGlobalSection
	GlobalSection(SolutionProperties) = preSolution
		HideSolutionNode = FALSE
	EndGlobalSection
	GlobalSection(ExtensibilityGlobals) = postSolution
		SolutionGuid = {6384E2A2-E548-4E92-9B4D-72F8AB13158E}
	EndGlobalSection
EndGlobal
